{
  "name": "simple-memory",
  "lockfileVersion": 3,
  "requires": true,
  "packages": {
    "": {
      "dependencies": {
        "@knikolov/opencode-plugin-simple-memory": "^1.0.3"
      }
    },
    "node_modules/@knikolov/opencode-plugin-simple-memory": {
      "version": "1.0.3",
      "resolved": "https://registry.npmjs.org/@knikolov/opencode-plugin-simple-memory/-/opencode-plugin-simple-memory-1.0.3.tgz",
      "integrity": "sha512-/zKGYc36/E5i89c1WDIK8ZfClcFtkf9hhJPwWfHCiKTO1g76Pi3pXzqGPf6g0FKr8HYbArHhclb7om1ySRxQpw==",
      "license": "MIT",
      "dependencies": {
        "@opencode-ai/plugin": "^1.0.157"
      },
      "peerDependencies": {
        "typescript": "^5"
      }
    },
    "node_modules/@opencode-ai/plugin": {
      "version": "1.2.26",
      "resolved": "https://registry.npmjs.org/@opencode-ai/plugin/-/plugin-1.2.26.tgz",
      "integrity": "sha512-pC71KGAI9T0+S84KpbEq9THp5pT7KOq+GmfdXkvQ7KSH5zi+iASWRhqorir73sKmEj2MQfpbe1BxdcU5qbeOwA==",
      "license": "MIT",
      "dependencies": {
        "@opencode-ai/sdk": "1.2.26",
        "zod": "4.1.8"
      }
    },
    "node_modules/@opencode-ai/sdk": {
      "version": "1.2.26",
      "resolved": "https://registry.npmjs.org/@opencode-ai/sdk/-/sdk-1.2.26.tgz",
      "integrity": "sha512-HPB+0pfvTMPj2KEjNLF3oqgldKW8koTJ7ssqXwzndazqxS+gUynzvdIKIQP4+QIInNcc5nJMG9JtfLcePGgTLQ==",
      "license": "MIT"
    },
    "node_modules/typescript": {
      "version": "5.9.3",
      "resolved": "https://registry.npmjs.org/typescript/-/typescript-5.9.3.tgz",
      "integrity": "sha512-jl1vZzPDinLr9eUt3J/t7V6FgNEw9QjvBPdysz9KfQDD41fQrC2Y4vKQdiaUpFT4bXlb1RHhLpp8wtm6M5TgSw==",
      "license": "Apache-2.0",
      "peer": true,
      "bin": {
        "tsc": "bin/tsc",
        "tsserver": "bin/tsserver"
      },
      "engines": {
        "node": ">=14.17"
      }
    },
    "node_modules/zod": {
      "version": "4.1.8",
      "resolved": "https://registry.npmjs.org/zod/-/zod-4.1.8.tgz",
      "integrity": "sha512-5R1P+WwQqmmMIEACyzSvo4JXHY5WiAFHRMg+zBZKgKS+Q1viRa0C1hmUKtHltoIFKtIdki3pRxkmpP74jnNYHQ==",
      "license": "MIT",
      "funding": {
        "url": "https://github.com/sponsors/colinhacks"
      }
    }
  }
}
